github.com/brunoga/deep v1.2.5 h1:bigq4eooqbeJXfvTfZBn3AH3B1iW+rtetxVeh0GiLrg=
github.com/brunoga/deep v1.2.5/go.mod h1:GDV6dnXqn80ezsLSZ5Wlv1PdKAWAO4L5PnKYtv2dgaI=
github.com/gofrs/uuid/v5 v5.3.2 h1:2jfO8j3XgSwlz/wHqemAEugfnTlikAYHhnqQ8Xh4fE0=
github.com/gofrs/uuid/v5 v5.3.2/go.mod h1:CDOjlDMVAtN56jqyRUZh58JT31Tiw7/oQyEXZV+9bD8=
github.com/rogonion/go-json v1.1.0 h1:W6xD6srTc7CBH6/vvamVtUgEkyGECG+fPCLxU4DqbJI=
github.com/rogonion/go-json v1.1.0/go.mod h1:SSV22OwjCtZz2s9fc61kP92jL47BwgW0U/IpV1UxJIQ=
go.yaml.in/yaml/v4 v4.0.0-rc.3 h1:3h1fjsh1CTAPjW7q/EMe+C8shx5d8ctzZTrLcs/j8Go=
go.yaml.in/yaml/v4 v4.0.0-rc.3/go.mod h1:aZqd9kCMsGL7AuUv/m/PvWLdg5sjJsZ4oHDEnfPPfY0=
